
Microsoft Visual Studio Solution File, Format Version 12.00
# Visual Studio 15
VisualStudioVersion = 15.0.28307.572
MinimumVisualStudioVersion = 10.0.40219.1
Project("{FAE04EC0-301F-11D3-BF4B-00C04F79EFBC}") = "Spice", "Spice\Spice.csproj", "{84F8A4BA-E054-433F-9E39-BDDF8AE7D193}"
EndProject
Global
	GlobalSection(SolutionConfigurationPlatforms) = preSolution
		Debug|Any CPU = Debug|Any CPU
		Release|Any CPU = Release|Any CPU
	EndGlobalSection
	GlobalSection(ProjectConfigurationPlatforms) = postSolution
		{84F8A4BA-E054-433F-9E39-BDDF8AE7D193}.Debug|Any CPU.ActiveCfg = Debug|Any CPU
		{84F8A4BA-E054-433F-9E39-BDDF8AE7D193}.Debug|Any CPU.Build.0 = Debug|Any CPU
		{84F8A4BA-E054-433F-9E39-BDDF8AE7D193}.Release|Any CPU.ActiveCfg = Release|Any CPU
		{84F8A4BA-E054-433F-9E39-BDDF8AE7D193}.Release|Any CPU.Build.0 = Release|Any CPU
	EndGlobalSection
	GlobalSection(SolutionProperties) = preSolution
		HideSolutionNode = FALSE
	EndGlobalSection
	GlobalSection(ExtensibilityGlobals) = postSolution
		SolutionGuid = {13B7AA44-4C96-405A-8D55-E7710565DA7A}
	EndGlobalSection
EndGlobal
